
Microsoft Visual Studio Solution File, Format Version 12.00
# Visual Studio Version 17
VisualStudioVersion = 17.0.32126.317
MinimumVisualStudioVersion = 10.0.40219.1
Project("{9A19103F-16F7-4668-BE54-9A1E7A4F7556}") = "RPGCharacters", "RPGCharacters\RPGCharacters.csproj", "{90D15499-8822-4C3C-942D-5A599428FA0D}"
EndProject
Project("{9A19103F-16F7-4668-BE54-9A1E7A4F7556}") = "RPGCharactersTests", "RPGCharactersTests\RPGCharactersTests.csproj", "{981E6938-D578-493C-905E-8ACABE835842}"
EndProject
Global
	GlobalSection(SolutionConfigurationPlatforms) = preSolution
		Debug|Any CPU = Debug|Any CPU
		Release|Any CPU = Release|Any CPU
	EndGlobalSection
	GlobalSection(ProjectConfigurationPlatforms) = postSolution
		{90D15499-8822-4C3C-942D-5A599428FA0D}.Debug|Any CPU.ActiveCfg = Debug|Any CPU
		{90D15499-8822-4C3C-942D-5A599428FA0D}.Debug|Any CPU.Build.0 = Debug|Any CPU
		{90D15499-8822-4C3C-942D-5A599428FA0D}.Release|Any CPU.ActiveCfg = Release|Any CPU
		{90D15499-8822-4C3C-942D-5A599428FA0D}.Release|Any CPU.Build.0 = Release|Any CPU
		{981E6938-D578-493C-905E-8ACABE835842}.Debug|Any CPU.ActiveCfg = Debug|Any CPU
		{981E6938-D578-493C-905E-8ACABE835842}.Debug|Any CPU.Build.0 = Debug|Any CPU
		{981E6938-D578-493C-905E-8ACABE835842}.Release|Any CPU.ActiveCfg = Release|Any CPU
		{981E6938-D578-493C-905E-8ACABE835842}.Release|Any CPU.Build.0 = Release|Any CPU
	EndGlobalSection
	GlobalSection(SolutionProperties) = preSolution
		HideSolutionNode = FALSE
	EndGlobalSection
	GlobalSection(ExtensibilityGlobals) = postSolution
		SolutionGuid = {5B55CAFB-2FCC-4C89-A8F0-81060CACFF82}
	EndGlobalSection
EndGlobal
